
Microsoft Visual Studio Solution File, Format Version 12.00
# Visual Studio Version 16
VisualStudioVersion = 16.0.31605.320
MinimumVisualStudioVersion = 10.0.40219.1
Project("{8BC9CEB8-8B4A-11D0-8D11-00A0C91BC942}") = "fgs", "fgs.vcxproj", "{D7CE638A-40AE-4DEE-8AD0-15EF48DBF1C8}"
EndProject
Global
	GlobalSection(SolutionConfigurationPlatforms) = preSolution
		Debug|x64 = Debug|x64
		Debug|x86 = Debug|x86
		Release|x64 = Release|x64
		Release|x86 = Release|x86
	EndGlobalSection
	GlobalSection(ProjectConfigurationPlatforms) = postSolution
		{D7CE638A-40AE-4DEE-8AD0-15EF48DBF1C8}.Debug|x64.ActiveCfg = Debug|x64
		{D7CE638A-40AE-4DEE-8AD0-15EF48DBF1C8}.Debug|x64.Build.0 = Debug|x64
		{D7CE638A-40AE-4DEE-8AD0-15EF48DBF1C8}.Debug|x86.ActiveCfg = Debug|Win32
		{D7CE638A-40AE-4DEE-8AD0-15EF48DBF1C8}.Debug|x86.Build.0 = Debug|Win32
		{D7CE638A-40AE-4DEE-8AD0-15EF48DBF1C8}.Release|x64.ActiveCfg = Release|x64
		{D7CE638A-40AE-4DEE-8AD0-15EF48DBF1C8}.Release|x64.Build.0 = Release|x64
		{D7CE638A-40AE-4DEE-8AD0-15EF48DBF1C8}.Release|x86.ActiveCfg = Release|Win32
		{D7CE638A-40AE-4DEE-8AD0-15EF48DBF1C8}.Release|x86.Build.0 = Release|Win32
	EndGlobalSection
	GlobalSection(SolutionProperties) = preSolution
		HideSolutionNode = FALSE
	EndGlobalSection
	GlobalSection(ExtensibilityGlobals) = postSolution
		SolutionGuid = {BFBB3132-74D7-4C5D-8F6F-CF51FBA45D37}
	EndGlobalSection
EndGlobal
